{
  "name": "google-cloud-functions",
  "version": "1.0.0",
  "lockfileVersion": 1,
  "requires": true,
  "dependencies": {
    "@aldinger/vault": {
      "version": "0.0.2",
      "resolved": "https://registry.npmjs.org/@aldinger/vault/-/vault-0.0.2.tgz",
      "integrity": "sha512-YtnssdbUcEJzeDgYDgdyJMoz3H03I9qZl8fO5RI1Pm0qokuKcJx6CXH0Bvm+pnhwjvFbcnlft5osSKx/ZVct7w=="
    }
  }
}
